
Microsoft Visual Studio Solution File, Format Version 12.00
# Visual Studio Version 17
VisualStudioVersion = 17.3.32929.385
MinimumVisualStudioVersion = 10.0.40219.1
Project("{FAE04EC0-301F-11D3-BF4B-00C04F79EFBC}") = "RazorPagesAK", "RazorPagesAK\RazorPagesAK.csproj", "{CA0B3019-C095-420F-9FF7-4A215870E2A1}"
EndProject
Global
	GlobalSection(SolutionConfigurationPlatforms) = preSolution
		Debug|Any CPU = Debug|Any CPU
		Release|Any CPU = Release|Any CPU
	EndGlobalSection
	GlobalSection(ProjectConfigurationPlatforms) = postSolution
		{CA0B3019-C095-420F-9FF7-4A215870E2A1}.Debug|Any CPU.ActiveCfg = Debug|Any CPU
		{CA0B3019-C095-420F-9FF7-4A215870E2A1}.Debug|Any CPU.Build.0 = Debug|Any CPU
		{CA0B3019-C095-420F-9FF7-4A215870E2A1}.Release|Any CPU.ActiveCfg = Release|Any CPU
		{CA0B3019-C095-420F-9FF7-4A215870E2A1}.Release|Any CPU.Build.0 = Release|Any CPU
	EndGlobalSection
	GlobalSection(SolutionProperties) = preSolution
		HideSolutionNode = FALSE
	EndGlobalSection
	GlobalSection(ExtensibilityGlobals) = postSolution
		SolutionGuid = {2914100F-762E-42B7-BE13-C7B7F1D0F9EA}
	EndGlobalSection
EndGlobal
